// !$*UTF8*$!
{
	archiveVersion = 1;
	classes = {
	};
	objectVersion = 56;
	objects = {

/* Begin PBXBuildFile section */
		325AE8162ACD51F500B0B670 /* AppDelegate.swift in Sources */ = {isa = PBXBuildFile; fileRef = 325AE8152ACD51F500B0B670 /* AppDelegate.swift */; };
		325AE8182ACD51F500B0B670 /* SceneDelegate.swift in Sources */ = {isa = PBXBuildFile; fileRef = 325AE8172ACD51F500B0B670 /* SceneDelegate.swift */; };
		325AE81A2ACD51F500B0B670 /* ViewController.swift in Sources */ = {isa = PBXBuildFile; fileRef = 325AE8192ACD51F500B0B670 /* ViewController.swift */; };
		325AE81D2ACD51F500B0B670 /* Main.storyboard in Resources */ = {isa = PBXBuildFile; fileRef = 325AE81B2ACD51F500B0B670 /* Main.storyboard */; };
		325AE81F2ACD51F800B0B670 /* Assets.xcassets in Resources */ = {isa = PBXBuildFile; fileRef = 325AE81E2ACD51F800B0B670 /* Assets.xcassets */; };
		325AE8222ACD51F800B0B670 /* LaunchScreen.storyboard in Resources */ = {isa = PBXBuildFile; fileRef = 325AE8202ACD51F800B0B670 /* LaunchScreen.storyboard */; };
/* End PBXBuildFile section */

/* Begin PBXFileReference section */
		325AE8122ACD51F500B0B670 /* Concurrency,Sync,Async,Serial, Concurrent queue,ThreadWithExample.app */ = {isa = PBXFileReference; explicitFileType = wrapper.application; includeInIndex = 0; path = "Concurrency,Sync,Async,Serial, Concurrent queue,ThreadWithExample.app"; sourceTree = BUILT_PRODUCTS_DIR; };
		325AE8152ACD51F500B0B670 /* AppDelegate.swift */ = {isa = PBXFileReference; lastKnownFileType = sourcecode.swift; path = AppDelegate.swift; sourceTree = "<group>"; };
		325AE8172ACD51F500B0B670 /* SceneDelegate.swift */ = {isa = PBXFileReference; lastKnownFileType = sourcecode.swift; path = SceneDelegate.swift; sourceTree = "<group>"; };
		325AE8192ACD51F500B0B670 /* ViewController.swift */ = {isa = PBXFileReference; lastKnownFileType = sourcecode.swift; path = ViewController.swift; sourceTree = "<group>"; };
		325AE81C2ACD51F500B0B670 /* Base */ = {isa = PBXFileReference; lastKnownFileType = file.storyboard; name = Base; path = Base.lproj/Main.storyboard; sourceTree = "<group>"; };
		325AE81E2ACD51F800B0B670 /* Assets.xcassets */ = {isa = PBXFileReference; lastKnownFileType = folder.assetcatalog; path = Assets.xcassets; sourceTree = "<group>"; };
		325AE8212ACD51F800B0B670 /* Base */ = {isa = PBXFileReference; lastKnownFileType = file.storyboard; name = Base; path = Base.lproj/LaunchScreen.storyboard; sourceTree = "<group>"; };
		325AE8232ACD51F800B0B670 /* Info.plist */ = {isa = PBXFileReference; lastKnownFileType = text.plist.xml; path = Info.plist; sourceTree = "<group>"; };
/* End PBXFileReference section */

/* Begin PBXFrameworksBuildPhase section */
		325AE80F2ACD51F500B0B670 /* Frameworks */ = {
			isa = PBXFrameworksBuildPhase;
			buildActionMask = 2147483647;
			files = (
			);
			runOnlyForDeploymentPostprocessing = 0;
		};
/* End PBXFrameworksBuildPhase section */

/* Begin PBXGroup section */
		325AE8092ACD51F500B0B670 = {
			isa = PBXGroup;
			children = (
				325AE8142ACD51F500B0B670 /* Concurrency,Sync,Async,Serial, Concurrent queue,ThreadWithExample */,
				325AE8132ACD51F500B0B670 /* Products */,
			);
			sourceTree = "<group>";
		};
		325AE8132ACD51F500B0B670 /* Products */ = {
			isa = PBXGroup;
			children = (
				325AE8122ACD51F500B0B670 /* Concurrency,Sync,Async,Serial, Concurrent queue,ThreadWithExample.app */,
			);
			name = Products;
			sourceTree = "<group>";
		};
		325AE8142ACD51F500B0B670 /* Concurrency,Sync,Async,Serial, Concurrent queue,ThreadWithExample */ = {
			isa = PBXGroup;
			children = (
				325AE8152ACD51F500B0B670 /* AppDelegate.swift */,
				325AE8172ACD51F500B0B670 /* SceneDelegate.swift */,
				325AE8192ACD51F500B0B670 /* ViewController.swift */,
				325AE81B2ACD51F500B0B670 /* Main.storyboard */,
				325AE81E2ACD51F800B0B670 /* Assets.xcassets */,
				325AE8202ACD51F800B0B670 /* LaunchScreen.storyboard */,
				325AE8232ACD51F800B0B670 /* Info.plist */,
			);
			path = "Concurrency,Sync,Async,Serial, Concurrent queue,ThreadWithExample";
			sourceTree = "<group>";
		};
/* End PBXGroup section */

/* Begin PBXNativeTarget section */
		325AE8112ACD51F500B0B670 /* Concurrency,Sync,Async,Serial, Concurrent queue,ThreadWithExample */ = {
			isa = PBXNativeTarget;
			buildConfigurationList = 325AE8262ACD51F800B0B670 /* Build configuration list for PBXNativeTarget "Concurrency,Sync,Async,Serial, Concurrent queue,ThreadWithExample" */;
			buildPhases = (
				325AE80E2ACD51F500B0B670 /* Sources */,
				325AE80F2ACD51F500B0B670 /* Frameworks */,
				325AE8102ACD51F500B0B670 /* Resources */,
			);
			buildRules = (
			);
			dependencies = (
			);
			name = "Concurrency,Sync,Async,Serial, Concurrent queue,ThreadWithExample";
			productName = "Concurrency,Sync,Async,Serial, Concurrent queue,ThreadWithExample";
			productReference = 325AE8122ACD51F500B0B670 /* Concurrency,Sync,Async,Serial, Concurrent queue,ThreadWithExample.app */;
			productType = "com.apple.product-type.application";
		};
/* End PBXNativeTarget section */

/* Begin PBXProject section */
		325AE80A2ACD51F500B0B670 /* Project object */ = {
			isa = PBXProject;
			attributes = {
				BuildIndependentTargetsInParallel = 1;
				LastSwiftUpdateCheck = 1420;
				LastUpgradeCheck = 1420;
				TargetAttributes = {
					325AE8112ACD51F500B0B670 = {
						CreatedOnToolsVersion = 14.2;
					};
				};
			};
			buildConfigurationList = 325AE80D2ACD51F500B0B670 /* Build configuration list for PBXProject "Concurrency,Sync,Async,Serial, Concurrent queue,ThreadWithExample" */;
			compatibilityVersion = "Xcode 14.0";
			developmentRegion = en;
			hasScannedForEncodings = 0;
			knownRegions = (
				en,
				Base,
			);
			mainGroup = 325AE8092ACD51F500B0B670;
			productRefGroup = 325AE8132ACD51F500B0B670 /* Products */;
			projectDirPath = "";
			projectRoot = "";
			targets = (
				325AE8112ACD51F500B0B670 /* Concurrency,Sync,Async,Serial, Concurrent queue,ThreadWithExample */,
			);
		};
/* End PBXProject section */

/* Begin PBXResourcesBuildPhase section */
		325AE8102ACD51F500B0B670 /* Resources */ = {
			isa = PBXResourcesBuildPhase;
			buildActionMask = 2147483647;
			files = (
				325AE8222ACD51F800B0B670 /* LaunchScreen.storyboard in Resources */,
				325AE81F2ACD51F800B0B670 /* Assets.xcassets in Resources */,
				325AE81D2ACD51F500B0B670 /* Main.storyboard in Resources */,
			);
			runOnlyForDeploymentPostprocessing = 0;
		};
/* End PBXResourcesBuildPhase section */

/* Begin PBXSourcesBuildPhase section */
		325AE80E2ACD51F500B0B670 /* Sources */ = {
			isa = PBXSourcesBuildPhase;
			buildActionMask = 2147483647;
			files = (
				325AE81A2ACD51F500B0B670 /* ViewController.swift in Sources */,
				325AE8162ACD51F500B0B670 /* AppDelegate.swift in Sources */,
				325AE8182ACD51F500B0B670 /* SceneDelegate.swift in Sources */,
			);
			runOnlyForDeploymentPostprocessing = 0;
		};
/* End PBXSourcesBuildPhase section */

/* Begin PBXVariantGroup section */
		325AE81B2ACD51F500B0B670 /* Main.storyboard */ = {
			isa = PBXVariantGroup;
			children = (
				325AE81C2ACD51F500B0B670 /* Base */,
			);
			name = Main.storyboard;
			sourceTree = "<group>";
		};
		325AE8202ACD51F800B0B670 /* LaunchScreen.storyboard */ = {
			isa = PBXVariantGroup;
			children = (
				325AE8212ACD51F800B0B670 /* Base */,
			);
			name = LaunchScreen.storyboard;
			sourceTree = "<group>";
		};
/* End PBXVariantGroup section */

/* Begin XCBuildConfiguration section */
		325AE8242ACD51F800B0B670 /* Debug */ = {
			isa = XCBuildConfiguration;
			buildSettings = {
				ALWAYS_SEARCH_USER_PATHS = NO;
				CLANG_ANALYZER_NONNULL = YES;
				CLANG_ANALYZER_NUMBER_OBJECT_CONVERSION = YES_AGGRESSIVE;
				CLANG_CXX_LANGUAGE_STANDARD = "gnu++20";
				CLANG_ENABLE_MODULES = YES;
				CLANG_ENABLE_OBJC_ARC = YES;
				CLANG_ENABLE_OBJC_WEAK = YES;
				CLANG_WARN_BLOCK_CAPTURE_AUTORELEASING = YES;
				CLANG_WARN_BOOL_CONVERSION = YES;
				CLANG_WARN_COMMA = YES;
				CLANG_WARN_CONSTANT_CONVERSION = YES;
				CLANG_WARN_DEPRECATED_OBJC_IMPLEMENTATIONS = YES;
				CLANG_WARN_DIRECT_OBJC_ISA_USAGE = YES_ERROR;
				CLANG_WARN_DOCUMENTATION_COMMENTS = YES;
				CLANG_WARN_EMPTY_BODY = YES;
				CLANG_WARN_ENUM_CONVERSION = YES;
				CLANG_WARN_INFINITE_RECURSION = YES;
				CLANG_WARN_INT_CONVERSION = YES;
				CLANG_WARN_NON_LITERAL_NULL_CONVERSION = YES;
				CLANG_WARN_OBJC_IMPLICIT_RETAIN_SELF = YES;
				CLANG_WARN_OBJC_LITERAL_CONVERSION = YES;
				CLANG_WARN_OBJC_ROOT_CLASS = YES_ERROR;
				CLANG_WARN_QUOTED_INCLUDE_IN_FRAMEWORK_HEADER = YES;
				CLANG_WARN_RANGE_LOOP_ANALYSIS = YES;
				CLANG_WARN_STRICT_PROTOTYPES = YES;
				CLANG_WARN_SUSPICIOUS_MOVE = YES;
				CLANG_WARN_UNGUARDED_AVAILABILITY = YES_AGGRESSIVE;
				CLANG_WARN_UNREACHABLE_CODE = YES;
				CLANG_WARN__DUPLICATE_METHOD_MATCH = YES;
				COPY_PHASE_STRIP = NO;
				DEBUG_INFORMATION_FORMAT = dwarf;
				ENABLE_STRICT_OBJC_MSGSEND = YES;
				ENABLE_TESTABILITY = YES;
				GCC_C_LANGUAGE_STANDARD = gnu11;
				GCC_DYNAMIC_NO_PIC = NO;
				GCC_NO_COMMON_BLOCKS = YES;
				GCC_OPTIMIZATION_LEVEL = 0;
				GCC_PREPROCESSOR_DEFINITIONS = (
					"DEBUG=1",
					"$(inherited)",
				);
				GCC_WARN_64_TO_32_BIT_CONVERSION = YES;
				GCC_WARN_ABOUT_RETURN_TYPE = YES_ERROR;
				GCC_WARN_UNDECLARED_SELECTOR = YES;
				GCC_WARN_UNINITIALIZED_AUTOS = YES_AGGRESSIVE;
				GCC_WARN_UNUSED_FUNCTION = YES;
				GCC_WARN_UNUSED_VARIABLE = YES;
				IPHONEOS_DEPLOYMENT_TARGET = 16.2;
				MTL_ENABLE_DEBUG_INFO = INCLUDE_SOURCE;
				MTL_FAST_MATH = YES;
				ONLY_ACTIVE_ARCH = YES;
				SDKROOT = iphoneos;
				SWIFT_ACTIVE_COMPILATION_CONDITIONS = DEBUG;
				SWIFT_OPTIMIZATION_LEVEL = "-Onone";
			};
			name = Debug;
		};
		325AE8252ACD51F800B0B670 /* Release */ = {
			isa = XCBuildConfiguration;
			buildSettings = {
				ALWAYS_SEARCH_USER_PATHS = NO;
				CLANG_ANALYZER_NONNULL = YES;
				CLANG_ANALYZER_NUMBER_OBJECT_CONVERSION = YES_AGGRESSIVE;
				CLANG_CXX_LANGUAGE_STANDARD = "gnu++20";
				CLANG_ENABLE_MODULES = YES;
				CLANG_ENABLE_OBJC_ARC = YES;
				CLANG_ENABLE_OBJC_WEAK = YES;
				CLANG_WARN_BLOCK_CAPTURE_AUTORELEASING = YES;
				CLANG_WARN_BOOL_CONVERSION = YES;
				CLANG_WARN_COMMA = YES;
				CLANG_WARN_CONSTANT_CONVERSION = YES;
				CLANG_WARN_DEPRECATED_OBJC_IMPLEMENTATIONS = YES;
				CLANG_WARN_DIRECT_OBJC_ISA_USAGE = YES_ERROR;
				CLANG_WARN_DOCUMENTATION_COMMENTS = YES;
				CLANG_WARN_EMPTY_BODY = YES;
				CLANG_WARN_ENUM_CONVERSION = YES;
				CLANG_WARN_INFINITE_RECURSION = YES;
				CLANG_WARN_INT_CONVERSION = YES;
				CLANG_WARN_NON_LITERAL_NULL_CONVERSION = YES;
				CLANG_WARN_OBJC_IMPLICIT_RETAIN_SELF = YES;
				CLANG_WARN_OBJC_LITERAL_CONVERSION = YES;
				CLANG_WARN_OBJC_ROOT_CLASS = YES_ERROR;
				CLANG_WARN_QUOTED_INCLUDE_IN_FRAMEWORK_HEADER = YES;
				CLANG_WARN_RANGE_LOOP_ANALYSIS = YES;
				CLANG_WARN_STRICT_PROTOTYPES = YES;
				CLANG_WARN_SUSPICIOUS_MOVE = YES;
				CLANG_WARN_UNGUARDED_AVAILABILITY = YES_AGGRESSIVE;
				CLANG_WARN_UNREACHABLE_CODE = YES;
				CLANG_WARN__DUPLICATE_METHOD_MATCH = YES;
				COPY_PHASE_STRIP = NO;
				DEBUG_INFORMATION_FORMAT = "dwarf-with-dsym";
				ENABLE_NS_ASSERTIONS = NO;
				ENABLE_STRICT_OBJC_MSGSEND = YES;
				GCC_C_LANGUAGE_STANDARD = gnu11;
				GCC_NO_COMMON_BLOCKS = YES;
				GCC_WARN_64_TO_32_BIT_CONVERSION = YES;
				GCC_WARN_ABOUT_RETURN_TYPE = YES_ERROR;
				GCC_WARN_UNDECLARED_SELECTOR = YES;
				GCC_WARN_UNINITIALIZED_AUTOS = YES_AGGRESSIVE;
				GCC_WARN_UNUSED_FUNCTION = YES;
				GCC_WARN_UNUSED_VARIABLE = YES;
				IPHONEOS_DEPLOYMENT_TARGET = 16.2;
				MTL_ENABLE_DEBUG_INFO = NO;
				MTL_FAST_MATH = YES;
				SDKROOT = iphoneos;
				SWIFT_COMPILATION_MODE = wholemodule;
				SWIFT_OPTIMIZATION_LEVEL = "-O";
				VALIDATE_PRODUCT = YES;
			};
			name = Release;
		};
		325AE8272ACD51F800B0B670 /* Debug */ = {
			isa = XCBuildConfiguration;
			buildSettings = {
				ASSETCATALOG_COMPILER_APPICON_NAME = AppIcon;
				ASSETCATALOG_COMPILER_GLOBAL_ACCENT_COLOR_NAME = AccentColor;
				CODE_SIGN_STYLE = Automatic;
				CURRENT_PROJECT_VERSION = 1;
				GENERATE_INFOPLIST_FILE = YES;
				INFOPLIST_FILE = "Concurrency,Sync,Async,Serial, Concurrent queue,ThreadWithExample/Info.plist";
				INFOPLIST_KEY_UIApplicationSupportsIndirectInputEvents = YES;
				INFOPLIST_KEY_UILaunchStoryboardName = LaunchScreen;
				INFOPLIST_KEY_UIMainStoryboardFile = Main;
				INFOPLIST_KEY_UISupportedInterfaceOrientations_iPad = "UIInterfaceOrientationPortrait UIInterfaceOrientationPortraitUpsideDown UIInterfaceOrientationLandscapeLeft UIInterfaceOrientationLandscapeRight";
				INFOPLIST_KEY_UISupportedInterfaceOrientations_iPhone = "UIInterfaceOrientationPortrait UIInterfaceOrientationLandscapeLeft UIInterfaceOrientationLandscapeRight";
				LD_RUNPATH_SEARCH_PATHS = (
					"$(inherited)",
					"@executable_path/Frameworks",
				);
				MARKETING_VERSION = 1.0;
				PRODUCT_BUNDLE_IDENTIFIER = "sai.Concurrency-Sync-Async-Serial--Concurrent-queue-ThreadWithExample";
				PRODUCT_NAME = "$(TARGET_NAME)";
				SWIFT_EMIT_LOC_STRINGS = YES;
				SWIFT_VERSION = 5.0;
				TARGETED_DEVICE_FAMILY = "1,2";
			};
			name = Debug;
		};
		325AE8282ACD51F800B0B670 /* Release */ = {
			isa = XCBuildConfiguration;
			buildSettings = {
				ASSETCATALOG_COMPILER_APPICON_NAME = AppIcon;
				ASSETCATALOG_COMPILER_GLOBAL_ACCENT_COLOR_NAME = AccentColor;
				CODE_SIGN_STYLE = Automatic;
				CURRENT_PROJECT_VERSION = 1;
				GENERATE_INFOPLIST_FILE = YES;
				INFOPLIST_FILE = "Concurrency,Sync,Async,Serial, Concurrent queue,ThreadWithExample/Info.plist";
				INFOPLIST_KEY_UIApplicationSupportsIndirectInputEvents = YES;
				INFOPLIST_KEY_UILaunchStoryboardName = LaunchScreen;
				INFOPLIST_KEY_UIMainStoryboardFile = Main;
				INFOPLIST_KEY_UISupportedInterfaceOrientations_iPad = "UIInterfaceOrientationPortrait UIInterfaceOrientationPortraitUpsideDown UIInterfaceOrientationLandscapeLeft UIInterfaceOrientationLandscapeRight";
				INFOPLIST_KEY_UISupportedInterfaceOrientations_iPhone = "UIInterfaceOrientationPortrait UIInterfaceOrientationLandscapeLeft UIInterfaceOrientationLandscapeRight";
				LD_RUNPATH_SEARCH_PATHS = (
					"$(inherited)",
					"@executable_path/Frameworks",
				);
				MARKETING_VERSION = 1.0;
				PRODUCT_BUNDLE_IDENTIFIER = "sai.Concurrency-Sync-Async-Serial--Concurrent-queue-ThreadWithExample";
				PRODUCT_NAME = "$(TARGET_NAME)";
				SWIFT_EMIT_LOC_STRINGS = YES;
				SWIFT_VERSION = 5.0;
				TARGETED_DEVICE_FAMILY = "1,2";
			};
			name = Release;
		};
/* End XCBuildConfiguration section */

/* Begin XCConfigurationList section */
		325AE80D2ACD51F500B0B670 /* Build configuration list for PBXProject "Concurrency,Sync,Async,Serial, Concurrent queue,ThreadWithExample" */ = {
			isa = XCConfigurationList;
			buildConfigurations = (
				325AE8242ACD51F800B0B670 /* Debug */,
				325AE8252ACD51F800B0B670 /* Release */,
			);
			defaultConfigurationIsVisible = 0;
			defaultConfigurationName = Release;
		};
		325AE8262ACD51F800B0B670 /* Build configuration list for PBXNativeTarget "Concurrency,Sync,Async,Serial, Concurrent queue,ThreadWithExample" */ = {
			isa = XCConfigurationList;
			buildConfigurations = (
				325AE8272ACD51F800B0B670 /* Debug */,
				325AE8282ACD51F800B0B670 /* Release */,
			);
			defaultConfigurationIsVisible = 0;
			defaultConfigurationName = Release;
		};
/* End XCConfigurationList section */
	};
	rootObject = 325AE80A2ACD51F500B0B670 /* Project object */;
}
